{
  "name": "electron-react-boilerplate",
  "version": "2.3.0",
  "lockfileVersion": 1,
  "requires": true,
  "dependencies": {
    "@types/nunjucks": {
      "version": "3.1.4",
      "resolved": "https://registry.npmjs.org/@types/nunjucks/-/nunjucks-3.1.4.tgz",
      "integrity": "sha512-cR65PLlHKW/qxxj840dbNb3ICO+iAVQzaNKJ8TcKOVKFi+QcAkhw9SCY8VFAyU41SmJMs+2nrIN2JGhX+jYb7A==",
      "dev": true
    }
  }
}
