# THIS IS AN AUTOGENERATED FILE. DO NOT EDIT THIS FILE DIRECTLY.
# yarn lockfile v1


"@types/nunjucks@^3.1.4":
  version "3.1.4"
  resolved "https://registry.yarnpkg.com/@types/nunjucks/-/nunjucks-3.1.4.tgz#2f80e2fa5e7982b2131201d0b4474ab4d03d9de1"
  integrity sha512-cR65PLlHKW/qxxj840dbNb3ICO+iAVQzaNKJ8TcKOVKFi+QcAkhw9SCY8VFAyU41SmJMs+2nrIN2JGhX+jYb7A==
